// !$*UTF8*$!
{
	archiveVersion = 1;
	classes = {
	};
	objectVersion = 48;
	objects = {

/* Begin PBXBuildFile section */
		893B55CD1FE59FB600490D35 /* BackgroundCloudsNode.swift in Sources */ = {isa = PBXBuildFile; fileRef = 893B55CC1FE59FB600490D35 /* BackgroundCloudsNode.swift */; };
		8946D1071FD8F65A0049084F /* AppDelegate.swift in Sources */ = {isa = PBXBuildFile; fileRef = 8946D1061FD8F65A0049084F /* AppDelegate.swift */; };
		8946D10D1FD8F65A0049084F /* GameScene.swift in Sources */ = {isa = PBXBuildFile; fileRef = 8946D10C1FD8F65A0049084F /* GameScene.swift */; };
		8946D10F1FD8F65A0049084F /* GameViewController.swift in Sources */ = {isa = PBXBuildFile; fileRef = 8946D10E1FD8F65A0049084F /* GameViewController.swift */; };
		8946D1121FD8F65A0049084F /* Main.storyboard in Resources */ = {isa = PBXBuildFile; fileRef = 8946D1101FD8F65A0049084F /* Main.storyboard */; };
		8946D1141FD8F65A0049084F /* Assets.xcassets in Resources */ = {isa = PBXBuildFile; fileRef = 8946D1131FD8F65A0049084F /* Assets.xcassets */; };
		8946D1171FD8F65A0049084F /* LaunchScreen.storyboard in Resources */ = {isa = PBXBuildFile; fileRef = 8946D1151FD8F65A0049084F /* LaunchScreen.storyboard */; };
		895A62D11FDF02EA004A78C5 /* ControlButton.swift in Sources */ = {isa = PBXBuildFile; fileRef = 895A62D01FDF02EA004A78C5 /* ControlButton.swift */; };
		898CE30D1FDA1746001CF189 /* BuddyNode.swift in Sources */ = {isa = PBXBuildFile; fileRef = 898CE30C1FDA1746001CF189 /* BuddyNode.swift */; };
		898CE30F1FDA1888001CF189 /* Constants.swift in Sources */ = {isa = PBXBuildFile; fileRef = 898CE30E1FDA1888001CF189 /* Constants.swift */; };
		898CE3111FDB65BA001CF189 /* BackgroundNode.swift in Sources */ = {isa = PBXBuildFile; fileRef = 898CE3101FDB65BA001CF189 /* BackgroundNode.swift */; };
		89B6BA581FE0486200AC5CB1 /* FloorNode.swift in Sources */ = {isa = PBXBuildFile; fileRef = 89B6BA571FE0486200AC5CB1 /* FloorNode.swift */; };
		89D1208C1FE312A30065B588 /* MagicParticles.sks in Resources */ = {isa = PBXBuildFile; fileRef = 89D1208A1FE312A30065B588 /* MagicParticles.sks */; };
		89D1208D1FE312A30065B588 /* Assets.xcassets in Resources */ = {isa = PBXBuildFile; fileRef = 89D1208B1FE312A30065B588 /* Assets.xcassets */; };
		89D1208F1FE342230065B588 /* ParticleNode.swift in Sources */ = {isa = PBXBuildFile; fileRef = 89D1208E1FE342230065B588 /* ParticleNode.swift */; };
		89E0C2DF1FEAF7E00070AC3B /* MenuScene.swift in Sources */ = {isa = PBXBuildFile; fileRef = 89E0C2DE1FEAF7E00070AC3B /* MenuScene.swift */; };
		89E0C2E11FEB4F3C0070AC3B /* BubbleParticles.sks in Resources */ = {isa = PBXBuildFile; fileRef = 89E0C2E01FEB4F3C0070AC3B /* BubbleParticles.sks */; };
		89E0C2E41FEC3E630070AC3B /* MenuButtons.swift in Sources */ = {isa = PBXBuildFile; fileRef = 89E0C2E31FEC3E630070AC3B /* MenuButtons.swift */; };
		89E5B25C1FE897CA0000C647 /* PalmNode.swift in Sources */ = {isa = PBXBuildFile; fileRef = 89E5B25B1FE897CA0000C647 /* PalmNode.swift */; };
		89EC73121FE9CD8500014A65 /* FishNode.swift in Sources */ = {isa = PBXBuildFile; fileRef = 89EC73111FE9CD8500014A65 /* FishNode.swift */; };
/* End PBXBuildFile section */

/* Begin PBXFileReference section */
		893B55CC1FE59FB600490D35 /* BackgroundCloudsNode.swift */ = {isa = PBXFileReference; lastKnownFileType = sourcecode.swift; path = BackgroundCloudsNode.swift; sourceTree = "<group>"; };
		8946D1031FD8F65A0049084F /* buddy-SpriyeKit.app */ = {isa = PBXFileReference; explicitFileType = wrapper.application; includeInIndex = 0; path = "buddy-SpriyeKit.app"; sourceTree = BUILT_PRODUCTS_DIR; };
		8946D1061FD8F65A0049084F /* AppDelegate.swift */ = {isa = PBXFileReference; lastKnownFileType = sourcecode.swift; path = AppDelegate.swift; sourceTree = "<group>"; };
		8946D10C1FD8F65A0049084F /* GameScene.swift */ = {isa = PBXFileReference; lastKnownFileType = sourcecode.swift; path = GameScene.swift; sourceTree = "<group>"; };
		8946D10E1FD8F65A0049084F /* GameViewController.swift */ = {isa = PBXFileReference; lastKnownFileType = sourcecode.swift; path = GameViewController.swift; sourceTree = "<group>"; };
		8946D1111FD8F65A0049084F /* Base */ = {isa = PBXFileReference; lastKnownFileType = file.storyboard; name = Base; path = Base.lproj/Main.storyboard; sourceTree = "<group>"; };
		8946D1131FD8F65A0049084F /* Assets.xcassets */ = {isa = PBXFileReference; lastKnownFileType = folder.assetcatalog; path = Assets.xcassets; sourceTree = "<group>"; };
		8946D1161FD8F65A0049084F /* Base */ = {isa = PBXFileReference; lastKnownFileType = file.storyboard; name = Base; path = Base.lproj/LaunchScreen.storyboard; sourceTree = "<group>"; };
		8946D1181FD8F65A0049084F /* Info.plist */ = {isa = PBXFileReference; lastKnownFileType = text.plist.xml; path = Info.plist; sourceTree = "<group>"; };
		895A62D01FDF02EA004A78C5 /* ControlButton.swift */ = {isa = PBXFileReference; lastKnownFileType = sourcecode.swift; path = ControlButton.swift; sourceTree = "<group>"; };
		898CE30C1FDA1746001CF189 /* BuddyNode.swift */ = {isa = PBXFileReference; lastKnownFileType = sourcecode.swift; path = BuddyNode.swift; sourceTree = "<group>"; };
		898CE30E1FDA1888001CF189 /* Constants.swift */ = {isa = PBXFileReference; lastKnownFileType = sourcecode.swift; path = Constants.swift; sourceTree = "<group>"; };
		898CE3101FDB65BA001CF189 /* BackgroundNode.swift */ = {isa = PBXFileReference; lastKnownFileType = sourcecode.swift; path = BackgroundNode.swift; sourceTree = "<group>"; };
		89B6BA571FE0486200AC5CB1 /* FloorNode.swift */ = {isa = PBXFileReference; lastKnownFileType = sourcecode.swift; path = FloorNode.swift; sourceTree = "<group>"; };
		89D1208A1FE312A30065B588 /* MagicParticles.sks */ = {isa = PBXFileReference; lastKnownFileType = file.sks; path = MagicParticles.sks; sourceTree = "<group>"; };
		89D1208B1FE312A30065B588 /* Assets.xcassets */ = {isa = PBXFileReference; lastKnownFileType = folder.assetcatalog; path = Assets.xcassets; sourceTree = "<group>"; };
		89D1208E1FE342230065B588 /* ParticleNode.swift */ = {isa = PBXFileReference; lastKnownFileType = sourcecode.swift; path = ParticleNode.swift; sourceTree = "<group>"; };
		89E0C2DE1FEAF7E00070AC3B /* MenuScene.swift */ = {isa = PBXFileReference; lastKnownFileType = sourcecode.swift; path = MenuScene.swift; sourceTree = "<group>"; };
		89E0C2E01FEB4F3C0070AC3B /* BubbleParticles.sks */ = {isa = PBXFileReference; lastKnownFileType = file.sks; path = BubbleParticles.sks; sourceTree = "<group>"; };
		89E0C2E31FEC3E630070AC3B /* MenuButtons.swift */ = {isa = PBXFileReference; lastKnownFileType = sourcecode.swift; path = MenuButtons.swift; sourceTree = "<group>"; };
		89E5B25B1FE897CA0000C647 /* PalmNode.swift */ = {isa = PBXFileReference; lastKnownFileType = sourcecode.swift; path = PalmNode.swift; sourceTree = "<group>"; };
		89EC73111FE9CD8500014A65 /* FishNode.swift */ = {isa = PBXFileReference; lastKnownFileType = sourcecode.swift; path = FishNode.swift; sourceTree = "<group>"; };
/* End PBXFileReference section */

/* Begin PBXFrameworksBuildPhase section */
		8946D1001FD8F65A0049084F /* Frameworks */ = {
			isa = PBXFrameworksBuildPhase;
			buildActionMask = 2147483647;
			files = (
			);
			runOnlyForDeploymentPostprocessing = 0;
		};
/* End PBXFrameworksBuildPhase section */

/* Begin PBXGroup section */
		8946D0FA1FD8F65A0049084F = {
			isa = PBXGroup;
			children = (
				8946D1051FD8F65A0049084F /* buddy-SpriyeKit */,
				8946D1041FD8F65A0049084F /* Products */,
			);
			sourceTree = "<group>";
		};
		8946D1041FD8F65A0049084F /* Products */ = {
			isa = PBXGroup;
			children = (
				8946D1031FD8F65A0049084F /* buddy-SpriyeKit.app */,
			);
			name = Products;
			sourceTree = "<group>";
		};
		8946D1051FD8F65A0049084F /* buddy-SpriyeKit */ = {
			isa = PBXGroup;
			children = (
				8946D1181FD8F65A0049084F /* Info.plist */,
				8946D1061FD8F65A0049084F /* AppDelegate.swift */,
				8946D10E1FD8F65A0049084F /* GameViewController.swift */,
				89E0C2E21FEB58830070AC3B /* Emitters */,
				8946D11F1FD8F6700049084F /* Nodes */,
				8946D11E1FD8F6690049084F /* Scenes */,
				8946D1201FD8F69E0049084F /* Supporting Files */,
			);
			path = "buddy-SpriyeKit";
			sourceTree = "<group>";
		};
		8946D11E1FD8F6690049084F /* Scenes */ = {
			isa = PBXGroup;
			children = (
				89E0C2DE1FEAF7E00070AC3B /* MenuScene.swift */,
				8946D10C1FD8F65A0049084F /* GameScene.swift */,
			);
			path = Scenes;
			sourceTree = "<group>";
		};
		8946D11F1FD8F6700049084F /* Nodes */ = {
			isa = PBXGroup;
			children = (
				898CE3101FDB65BA001CF189 /* BackgroundNode.swift */,
				893B55CC1FE59FB600490D35 /* BackgroundCloudsNode.swift */,
				89E5B25B1FE897CA0000C647 /* PalmNode.swift */,
				89B6BA571FE0486200AC5CB1 /* FloorNode.swift */,
				89EC73111FE9CD8500014A65 /* FishNode.swift */,
				898CE30C1FDA1746001CF189 /* BuddyNode.swift */,
				895A62D01FDF02EA004A78C5 /* ControlButton.swift */,
				89E0C2E31FEC3E630070AC3B /* MenuButtons.swift */,
			);
			path = Nodes;
			sourceTree = "<group>";
		};
		8946D1201FD8F69E0049084F /* Supporting Files */ = {
			isa = PBXGroup;
			children = (
				898CE30E1FDA1888001CF189 /* Constants.swift */,
				8946D1101FD8F65A0049084F /* Main.storyboard */,
				8946D1131FD8F65A0049084F /* Assets.xcassets */,
				8946D1151FD8F65A0049084F /* LaunchScreen.storyboard */,
			);
			path = "Supporting Files";
			sourceTree = "<group>";
		};
		89E0C2E21FEB58830070AC3B /* Emitters */ = {
			isa = PBXGroup;
			children = (
				89D1208A1FE312A30065B588 /* MagicParticles.sks */,
				89D1208B1FE312A30065B588 /* Assets.xcassets */,
				89D1208E1FE342230065B588 /* ParticleNode.swift */,
				89E0C2E01FEB4F3C0070AC3B /* BubbleParticles.sks */,
			);
			name = Emitters;
			path = "New Group";
			sourceTree = "<group>";
		};
/* End PBXGroup section */

/* Begin PBXNativeTarget section */
		8946D1021FD8F65A0049084F /* buddy-SpriyeKit */ = {
			isa = PBXNativeTarget;
			buildConfigurationList = 8946D11B1FD8F65B0049084F /* Build configuration list for PBXNativeTarget "buddy-SpriyeKit" */;
			buildPhases = (
				8946D0FF1FD8F65A0049084F /* Sources */,
				8946D1001FD8F65A0049084F /* Frameworks */,
				8946D1011FD8F65A0049084F /* Resources */,
			);
			buildRules = (
			);
			dependencies = (
			);
			name = "buddy-SpriyeKit";
			productName = "buddy-SpriyeKit";
			productReference = 8946D1031FD8F65A0049084F /* buddy-SpriyeKit.app */;
			productType = "com.apple.product-type.application";
		};
/* End PBXNativeTarget section */

/* Begin PBXProject section */
		8946D0FB1FD8F65A0049084F /* Project object */ = {
			isa = PBXProject;
			attributes = {
				LastSwiftUpdateCheck = 0900;
				LastUpgradeCheck = 0900;
				ORGANIZATIONNAME = "Kristina Gelzinyte";
				TargetAttributes = {
					8946D1021FD8F65A0049084F = {
						CreatedOnToolsVersion = 9.0.1;
						ProvisioningStyle = Automatic;
					};
				};
			};
			buildConfigurationList = 8946D0FE1FD8F65A0049084F /* Build configuration list for PBXProject "buddy-SpriyeKit" */;
			compatibilityVersion = "Xcode 8.0";
			developmentRegion = en;
			hasScannedForEncodings = 0;
			knownRegions = (
				en,
				Base,
			);
			mainGroup = 8946D0FA1FD8F65A0049084F;
			productRefGroup = 8946D1041FD8F65A0049084F /* Products */;
			projectDirPath = "";
			projectRoot = "";
			targets = (
				8946D1021FD8F65A0049084F /* buddy-SpriyeKit */,
			);
		};
/* End PBXProject section */

/* Begin PBXResourcesBuildPhase section */
		8946D1011FD8F65A0049084F /* Resources */ = {
			isa = PBXResourcesBuildPhase;
			buildActionMask = 2147483647;
			files = (
				8946D1121FD8F65A0049084F /* Main.storyboard in Resources */,
				89D1208C1FE312A30065B588 /* MagicParticles.sks in Resources */,
				8946D1141FD8F65A0049084F /* Assets.xcassets in Resources */,
				89E0C2E11FEB4F3C0070AC3B /* BubbleParticles.sks in Resources */,
				8946D1171FD8F65A0049084F /* LaunchScreen.storyboard in Resources */,
				89D1208D1FE312A30065B588 /* Assets.xcassets in Resources */,
			);
			runOnlyForDeploymentPostprocessing = 0;
		};
/* End PBXResourcesBuildPhase section */

/* Begin PBXSourcesBuildPhase section */
		8946D0FF1FD8F65A0049084F /* Sources */ = {
			isa = PBXSourcesBuildPhase;
			buildActionMask = 2147483647;
			files = (
				898CE30F1FDA1888001CF189 /* Constants.swift in Sources */,
				89EC73121FE9CD8500014A65 /* FishNode.swift in Sources */,
				898CE30D1FDA1746001CF189 /* BuddyNode.swift in Sources */,
				89D1208F1FE342230065B588 /* ParticleNode.swift in Sources */,
				89B6BA581FE0486200AC5CB1 /* FloorNode.swift in Sources */,
				895A62D11FDF02EA004A78C5 /* ControlButton.swift in Sources */,
				89E0C2DF1FEAF7E00070AC3B /* MenuScene.swift in Sources */,
				89E5B25C1FE897CA0000C647 /* PalmNode.swift in Sources */,
				89E0C2E41FEC3E630070AC3B /* MenuButtons.swift in Sources */,
				8946D10D1FD8F65A0049084F /* GameScene.swift in Sources */,
				898CE3111FDB65BA001CF189 /* BackgroundNode.swift in Sources */,
				8946D10F1FD8F65A0049084F /* GameViewController.swift in Sources */,
				8946D1071FD8F65A0049084F /* AppDelegate.swift in Sources */,
				893B55CD1FE59FB600490D35 /* BackgroundCloudsNode.swift in Sources */,
			);
			runOnlyForDeploymentPostprocessing = 0;
		};
/* End PBXSourcesBuildPhase section */

/* Begin PBXVariantGroup section */
		8946D1101FD8F65A0049084F /* Main.storyboard */ = {
			isa = PBXVariantGroup;
			children = (
				8946D1111FD8F65A0049084F /* Base */,
			);
			name = Main.storyboard;
			sourceTree = "<group>";
		};
		8946D1151FD8F65A0049084F /* LaunchScreen.storyboard */ = {
			isa = PBXVariantGroup;
			children = (
				8946D1161FD8F65A0049084F /* Base */,
			);
			name = LaunchScreen.storyboard;
			sourceTree = "<group>";
		};
/* End PBXVariantGroup section */

/* Begin XCBuildConfiguration section */
		8946D1191FD8F65A0049084F /* Debug */ = {
			isa = XCBuildConfiguration;
			buildSettings = {
				ALWAYS_SEARCH_USER_PATHS = NO;
				CLANG_ANALYZER_NONNULL = YES;
				CLANG_ANALYZER_NUMBER_OBJECT_CONVERSION = YES_AGGRESSIVE;
				CLANG_CXX_LANGUAGE_STANDARD = "gnu++14";
				CLANG_CXX_LIBRARY = "libc++";
				CLANG_ENABLE_MODULES = YES;
				CLANG_ENABLE_OBJC_ARC = YES;
				CLANG_WARN_BLOCK_CAPTURE_AUTORELEASING = YES;
				CLANG_WARN_BOOL_CONVERSION = YES;
				CLANG_WARN_COMMA = YES;
				CLANG_WARN_CONSTANT_CONVERSION = YES;
				CLANG_WARN_DIRECT_OBJC_ISA_USAGE = YES_ERROR;
				CLANG_WARN_DOCUMENTATION_COMMENTS = YES;
				CLANG_WARN_EMPTY_BODY = YES;
				CLANG_WARN_ENUM_CONVERSION = YES;
				CLANG_WARN_INFINITE_RECURSION = YES;
				CLANG_WARN_INT_CONVERSION = YES;
				CLANG_WARN_NON_LITERAL_NULL_CONVERSION = YES;
				CLANG_WARN_OBJC_LITERAL_CONVERSION = YES;
				CLANG_WARN_OBJC_ROOT_CLASS = YES_ERROR;
				CLANG_WARN_RANGE_LOOP_ANALYSIS = YES;
				CLANG_WARN_STRICT_PROTOTYPES = YES;
				CLANG_WARN_SUSPICIOUS_MOVE = YES;
				CLANG_WARN_UNGUARDED_AVAILABILITY = YES_AGGRESSIVE;
				CLANG_WARN_UNREACHABLE_CODE = YES;
				CLANG_WARN__DUPLICATE_METHOD_MATCH = YES;
				CODE_SIGN_IDENTITY = "iPhone Developer";
				COPY_PHASE_STRIP = NO;
				DEBUG_INFORMATION_FORMAT = dwarf;
				ENABLE_STRICT_OBJC_MSGSEND = YES;
				ENABLE_TESTABILITY = YES;
				GCC_C_LANGUAGE_STANDARD = gnu11;
				GCC_DYNAMIC_NO_PIC = NO;
				GCC_NO_COMMON_BLOCKS = YES;
				GCC_OPTIMIZATION_LEVEL = 0;
				GCC_PREPROCESSOR_DEFINITIONS = (
					"DEBUG=1",
					"$(inherited)",
				);
				GCC_WARN_64_TO_32_BIT_CONVERSION = YES;
				GCC_WARN_ABOUT_RETURN_TYPE = YES_ERROR;
				GCC_WARN_UNDECLARED_SELECTOR = YES;
				GCC_WARN_UNINITIALIZED_AUTOS = YES_AGGRESSIVE;
				GCC_WARN_UNUSED_FUNCTION = YES;
				GCC_WARN_UNUSED_VARIABLE = YES;
				IPHONEOS_DEPLOYMENT_TARGET = 11.0;
				MTL_ENABLE_DEBUG_INFO = YES;
				ONLY_ACTIVE_ARCH = YES;
				SDKROOT = iphoneos;
				SWIFT_ACTIVE_COMPILATION_CONDITIONS = DEBUG;
				SWIFT_OPTIMIZATION_LEVEL = "-Onone";
			};
			name = Debug;
		};
		8946D11A1FD8F65A0049084F /* Release */ = {
			isa = XCBuildConfiguration;
			buildSettings = {
				ALWAYS_SEARCH_USER_PATHS = NO;
				CLANG_ANALYZER_NONNULL = YES;
				CLANG_ANALYZER_NUMBER_OBJECT_CONVERSION = YES_AGGRESSIVE;
				CLANG_CXX_LANGUAGE_STANDARD = "gnu++14";
				CLANG_CXX_LIBRARY = "libc++";
				CLANG_ENABLE_MODULES = YES;
				CLANG_ENABLE_OBJC_ARC = YES;
				CLANG_WARN_BLOCK_CAPTURE_AUTORELEASING = YES;
				CLANG_WARN_BOOL_CONVERSION = YES;
				CLANG_WARN_COMMA = YES;
				CLANG_WARN_CONSTANT_CONVERSION = YES;
				CLANG_WARN_DIRECT_OBJC_ISA_USAGE = YES_ERROR;
				CLANG_WARN_DOCUMENTATION_COMMENTS = YES;
				CLANG_WARN_EMPTY_BODY = YES;
				CLANG_WARN_ENUM_CONVERSION = YES;
				CLANG_WARN_INFINITE_RECURSION = YES;
				CLANG_WARN_INT_CONVERSION = YES;
				CLANG_WARN_NON_LITERAL_NULL_CONVERSION = YES;
				CLANG_WARN_OBJC_LITERAL_CONVERSION = YES;
				CLANG_WARN_OBJC_ROOT_CLASS = YES_ERROR;
				CLANG_WARN_RANGE_LOOP_ANALYSIS = YES;
				CLANG_WARN_STRICT_PROTOTYPES = YES;
				CLANG_WARN_SUSPICIOUS_MOVE = YES;
				CLANG_WARN_UNGUARDED_AVAILABILITY = YES_AGGRESSIVE;
				CLANG_WARN_UNREACHABLE_CODE = YES;
				CLANG_WARN__DUPLICATE_METHOD_MATCH = YES;
				CODE_SIGN_IDENTITY = "iPhone Developer";
				COPY_PHASE_STRIP = NO;
				DEBUG_INFORMATION_FORMAT = "dwarf-with-dsym";
				ENABLE_NS_ASSERTIONS = NO;
				ENABLE_STRICT_OBJC_MSGSEND = YES;
				GCC_C_LANGUAGE_STANDARD = gnu11;
				GCC_NO_COMMON_BLOCKS = YES;
				GCC_WARN_64_TO_32_BIT_CONVERSION = YES;
				GCC_WARN_ABOUT_RETURN_TYPE = YES_ERROR;
				GCC_WARN_UNDECLARED_SELECTOR = YES;
				GCC_WARN_UNINITIALIZED_AUTOS = YES_AGGRESSIVE;
				GCC_WARN_UNUSED_FUNCTION = YES;
				GCC_WARN_UNUSED_VARIABLE = YES;
				IPHONEOS_DEPLOYMENT_TARGET = 11.0;
				MTL_ENABLE_DEBUG_INFO = NO;
				SDKROOT = iphoneos;
				SWIFT_OPTIMIZATION_LEVEL = "-Owholemodule";
				VALIDATE_PRODUCT = YES;
			};
			name = Release;
		};
		8946D11C1FD8F65B0049084F /* Debug */ = {
			isa = XCBuildConfiguration;
			buildSettings = {
				ASSETCATALOG_COMPILER_APPICON_NAME = AppIcon;
				CODE_SIGN_STYLE = Automatic;
				DEVELOPMENT_TEAM = PJ8U3CQ43A;
				INFOPLIST_FILE = "buddy-SpriyeKit/Info.plist";
				LD_RUNPATH_SEARCH_PATHS = "$(inherited) @executable_path/Frameworks";
				PRODUCT_BUNDLE_IDENTIFIER = "KG.buddy-SpriyeKit";
				PRODUCT_NAME = "$(TARGET_NAME)";
				SWIFT_VERSION = 4.0;
				TARGETED_DEVICE_FAMILY = 1;
			};
			name = Debug;
		};
		8946D11D1FD8F65B0049084F /* Release */ = {
			isa = XCBuildConfiguration;
			buildSettings = {
				ASSETCATALOG_COMPILER_APPICON_NAME = AppIcon;
				CODE_SIGN_STYLE = Automatic;
				DEVELOPMENT_TEAM = PJ8U3CQ43A;
				INFOPLIST_FILE = "buddy-SpriyeKit/Info.plist";
				LD_RUNPATH_SEARCH_PATHS = "$(inherited) @executable_path/Frameworks";
				PRODUCT_BUNDLE_IDENTIFIER = "KG.buddy-SpriyeKit";
				PRODUCT_NAME = "$(TARGET_NAME)";
				SWIFT_VERSION = 4.0;
				TARGETED_DEVICE_FAMILY = 1;
			};
			name = Release;
		};
/* End XCBuildConfiguration section */

/* Begin XCConfigurationList section */
		8946D0FE1FD8F65A0049084F /* Build configuration list for PBXProject "buddy-SpriyeKit" */ = {
			isa = XCConfigurationList;
			buildConfigurations = (
				8946D1191FD8F65A0049084F /* Debug */,
				8946D11A1FD8F65A0049084F /* Release */,
			);
			defaultConfigurationIsVisible = 0;
			defaultConfigurationName = Release;
		};
		8946D11B1FD8F65B0049084F /* Build configuration list for PBXNativeTarget "buddy-SpriyeKit" */ = {
			isa = XCConfigurationList;
			buildConfigurations = (
				8946D11C1FD8F65B0049084F /* Debug */,
				8946D11D1FD8F65B0049084F /* Release */,
			);
			defaultConfigurationIsVisible = 0;
			defaultConfigurationName = Release;
		};
/* End XCConfigurationList section */
	};
	rootObject = 8946D0FB1FD8F65A0049084F /* Project object */;
}
